// !$*UTF8*$!
{
	archiveVersion = 1;
	classes = {
	};
	objectVersion = 48;
	objects = {

/* Begin PBXBuildFile section */
		5037196D1F98F1F80065628C /* Dequable.h in Headers */ = {isa = PBXBuildFile; fileRef = 5037195F1F98F1F80065628C /* Dequable.h */; settings = {ATTRIBUTES = (Public, ); }; };
		5037197A1F98F23A0065628C /* DequeableTableView.swift in Sources */ = {isa = PBXBuildFile; fileRef = 503719761F98F23A0065628C /* DequeableTableView.swift */; };
		5037197B1F98F23A0065628C /* Dequeable.swift in Sources */ = {isa = PBXBuildFile; fileRef = 503719771F98F23A0065628C /* Dequeable.swift */; };
		5037197C1F98F23A0065628C /* DequeableComponentIdentifiable.swift in Sources */ = {isa = PBXBuildFile; fileRef = 503719781F98F23A0065628C /* DequeableComponentIdentifiable.swift */; };
		5037197D1F98F23A0065628C /* DequeableCollectionView.swift in Sources */ = {isa = PBXBuildFile; fileRef = 503719791F98F23A0065628C /* DequeableCollectionView.swift */; };
		503719851F98F45B0065628C /* AppDelegate.swift in Sources */ = {isa = PBXBuildFile; fileRef = 503719841F98F45B0065628C /* AppDelegate.swift */; };
		503719871F98F45B0065628C /* ViewController.swift in Sources */ = {isa = PBXBuildFile; fileRef = 503719861F98F45B0065628C /* ViewController.swift */; };
		5037198A1F98F45B0065628C /* Main.storyboard in Resources */ = {isa = PBXBuildFile; fileRef = 503719881F98F45B0065628C /* Main.storyboard */; };
		5037198C1F98F45B0065628C /* Assets.xcassets in Resources */ = {isa = PBXBuildFile; fileRef = 5037198B1F98F45B0065628C /* Assets.xcassets */; };
		5037198F1F98F45B0065628C /* LaunchScreen.storyboard in Resources */ = {isa = PBXBuildFile; fileRef = 5037198D1F98F45B0065628C /* LaunchScreen.storyboard */; };
		5037199A1F98F45B0065628C /* DequableDemoUITests.swift in Sources */ = {isa = PBXBuildFile; fileRef = 503719991F98F45B0065628C /* DequableDemoUITests.swift */; };
		503719A21F98F4A40065628C /* Dequable.framework in Frameworks */ = {isa = PBXBuildFile; fileRef = 5037195C1F98F1F80065628C /* Dequable.framework */; };
		503719A31F98F4A40065628C /* Dequable.framework in Embed Frameworks */ = {isa = PBXBuildFile; fileRef = 5037195C1F98F1F80065628C /* Dequable.framework */; settings = {ATTRIBUTES = (CodeSignOnCopy, RemoveHeadersOnCopy, ); }; };
		503719A81F98F8B60065628C /* DetailViewController.swift in Sources */ = {isa = PBXBuildFile; fileRef = 503719A71F98F8B60065628C /* DetailViewController.swift */; };
		503719AA1F98FB050065628C /* DetailTableViewCell.xib in Resources */ = {isa = PBXBuildFile; fileRef = 503719A91F98FB050065628C /* DetailTableViewCell.xib */; };
/* End PBXBuildFile section */

/* Begin PBXContainerItemProxy section */
		503719961F98F45B0065628C /* PBXContainerItemProxy */ = {
			isa = PBXContainerItemProxy;
			containerPortal = 503719531F98F1F80065628C /* Project object */;
			proxyType = 1;
			remoteGlobalIDString = 503719811F98F45B0065628C;
			remoteInfo = DequableDemo;
		};
		503719A41F98F4A40065628C /* PBXContainerItemProxy */ = {
			isa = PBXContainerItemProxy;
			containerPortal = 503719531F98F1F80065628C /* Project object */;
			proxyType = 1;
			remoteGlobalIDString = 5037195B1F98F1F80065628C;
			remoteInfo = Dequable;
		};
/* End PBXContainerItemProxy section */

/* Begin PBXCopyFilesBuildPhase section */
		503719A61F98F4A40065628C /* Embed Frameworks */ = {
			isa = PBXCopyFilesBuildPhase;
			buildActionMask = 2147483647;
			dstPath = "";
			dstSubfolderSpec = 10;
			files = (
				503719A31F98F4A40065628C /* Dequable.framework in Embed Frameworks */,
			);
			name = "Embed Frameworks";
			runOnlyForDeploymentPostprocessing = 0;
		};
/* End PBXCopyFilesBuildPhase section */

/* Begin PBXFileReference section */
		5037195C1F98F1F80065628C /* Dequable.framework */ = {isa = PBXFileReference; explicitFileType = wrapper.framework; includeInIndex = 0; path = Dequable.framework; sourceTree = BUILT_PRODUCTS_DIR; };
		5037195F1F98F1F80065628C /* Dequable.h */ = {isa = PBXFileReference; lastKnownFileType = sourcecode.c.h; path = Dequable.h; sourceTree = "<group>"; };
		503719601F98F1F80065628C /* Info.plist */ = {isa = PBXFileReference; lastKnownFileType = text.plist.xml; path = Info.plist; sourceTree = "<group>"; };
		503719761F98F23A0065628C /* DequeableTableView.swift */ = {isa = PBXFileReference; lastKnownFileType = sourcecode.swift; path = DequeableTableView.swift; sourceTree = "<group>"; };
		503719771F98F23A0065628C /* Dequeable.swift */ = {isa = PBXFileReference; lastKnownFileType = sourcecode.swift; path = Dequeable.swift; sourceTree = "<group>"; };
		503719781F98F23A0065628C /* DequeableComponentIdentifiable.swift */ = {isa = PBXFileReference; lastKnownFileType = sourcecode.swift; path = DequeableComponentIdentifiable.swift; sourceTree = "<group>"; };
		503719791F98F23A0065628C /* DequeableCollectionView.swift */ = {isa = PBXFileReference; lastKnownFileType = sourcecode.swift; path = DequeableCollectionView.swift; sourceTree = "<group>"; };
		503719821F98F45B0065628C /* DequableDemo.app */ = {isa = PBXFileReference; explicitFileType = wrapper.application; includeInIndex = 0; path = DequableDemo.app; sourceTree = BUILT_PRODUCTS_DIR; };
		503719841F98F45B0065628C /* AppDelegate.swift */ = {isa = PBXFileReference; lastKnownFileType = sourcecode.swift; path = AppDelegate.swift; sourceTree = "<group>"; };
		503719861F98F45B0065628C /* ViewController.swift */ = {isa = PBXFileReference; lastKnownFileType = sourcecode.swift; path = ViewController.swift; sourceTree = "<group>"; };
		503719891F98F45B0065628C /* Base */ = {isa = PBXFileReference; lastKnownFileType = file.storyboard; name = Base; path = Base.lproj/Main.storyboard; sourceTree = "<group>"; };
		5037198B1F98F45B0065628C /* Assets.xcassets */ = {isa = PBXFileReference; lastKnownFileType = folder.assetcatalog; path = Assets.xcassets; sourceTree = "<group>"; };
		5037198E1F98F45B0065628C /* Base */ = {isa = PBXFileReference; lastKnownFileType = file.storyboard; name = Base; path = Base.lproj/LaunchScreen.storyboard; sourceTree = "<group>"; };
		503719901F98F45B0065628C /* Info.plist */ = {isa = PBXFileReference; lastKnownFileType = text.plist.xml; path = Info.plist; sourceTree = "<group>"; };
		503719951F98F45B0065628C /* DequableDemoUITests.xctest */ = {isa = PBXFileReference; explicitFileType = wrapper.cfbundle; includeInIndex = 0; path = DequableDemoUITests.xctest; sourceTree = BUILT_PRODUCTS_DIR; };
		503719991F98F45B0065628C /* DequableDemoUITests.swift */ = {isa = PBXFileReference; lastKnownFileType = sourcecode.swift; path = DequableDemoUITests.swift; sourceTree = "<group>"; };
		5037199B1F98F45B0065628C /* Info.plist */ = {isa = PBXFileReference; lastKnownFileType = text.plist.xml; path = Info.plist; sourceTree = "<group>"; };
		503719A71F98F8B60065628C /* DetailViewController.swift */ = {isa = PBXFileReference; lastKnownFileType = sourcecode.swift; path = DetailViewController.swift; sourceTree = "<group>"; };
		503719A91F98FB050065628C /* DetailTableViewCell.xib */ = {isa = PBXFileReference; lastKnownFileType = file.xib; path = DetailTableViewCell.xib; sourceTree = "<group>"; };
/* End PBXFileReference section */

/* Begin PBXFrameworksBuildPhase section */
		503719581F98F1F80065628C /* Frameworks */ = {
			isa = PBXFrameworksBuildPhase;
			buildActionMask = 2147483647;
			files = (
			);
			runOnlyForDeploymentPostprocessing = 0;
		};
		5037197F1F98F45B0065628C /* Frameworks */ = {
			isa = PBXFrameworksBuildPhase;
			buildActionMask = 2147483647;
			files = (
				503719A21F98F4A40065628C /* Dequable.framework in Frameworks */,
			);
			runOnlyForDeploymentPostprocessing = 0;
		};
		503719921F98F45B0065628C /* Frameworks */ = {
			isa = PBXFrameworksBuildPhase;
			buildActionMask = 2147483647;
			files = (
			);
			runOnlyForDeploymentPostprocessing = 0;
		};
/* End PBXFrameworksBuildPhase section */

/* Begin PBXGroup section */
		503719521F98F1F80065628C = {
			isa = PBXGroup;
			children = (
				5037195E1F98F1F80065628C /* Dequable */,
				503719831F98F45B0065628C /* DequableDemo */,
				503719981F98F45B0065628C /* DequableDemoUITests */,
				5037195D1F98F1F80065628C /* Products */,
			);
			sourceTree = "<group>";
		};
		5037195D1F98F1F80065628C /* Products */ = {
			isa = PBXGroup;
			children = (
				5037195C1F98F1F80065628C /* Dequable.framework */,
				503719821F98F45B0065628C /* DequableDemo.app */,
				503719951F98F45B0065628C /* DequableDemoUITests.xctest */,
			);
			name = Products;
			sourceTree = "<group>";
		};
		5037195E1F98F1F80065628C /* Dequable */ = {
			isa = PBXGroup;
			children = (
				5037195F1F98F1F80065628C /* Dequable.h */,
				503719771F98F23A0065628C /* Dequeable.swift */,
				503719791F98F23A0065628C /* DequeableCollectionView.swift */,
				503719781F98F23A0065628C /* DequeableComponentIdentifiable.swift */,
				503719761F98F23A0065628C /* DequeableTableView.swift */,
				503719601F98F1F80065628C /* Info.plist */,
			);
			path = Dequable;
			sourceTree = "<group>";
		};
		503719831F98F45B0065628C /* DequableDemo */ = {
			isa = PBXGroup;
			children = (
				503719841F98F45B0065628C /* AppDelegate.swift */,
				503719861F98F45B0065628C /* ViewController.swift */,
				503719A71F98F8B60065628C /* DetailViewController.swift */,
				503719881F98F45B0065628C /* Main.storyboard */,
				503719A91F98FB050065628C /* DetailTableViewCell.xib */,
				5037198B1F98F45B0065628C /* Assets.xcassets */,
				5037198D1F98F45B0065628C /* LaunchScreen.storyboard */,
				503719901F98F45B0065628C /* Info.plist */,
			);
			path = DequableDemo;
			sourceTree = "<group>";
		};
		503719981F98F45B0065628C /* DequableDemoUITests */ = {
			isa = PBXGroup;
			children = (
				503719991F98F45B0065628C /* DequableDemoUITests.swift */,
				5037199B1F98F45B0065628C /* Info.plist */,
			);
			path = DequableDemoUITests;
			sourceTree = "<group>";
		};
/* End PBXGroup section */

/* Begin PBXHeadersBuildPhase section */
		503719591F98F1F80065628C /* Headers */ = {
			isa = PBXHeadersBuildPhase;
			buildActionMask = 2147483647;
			files = (
				5037196D1F98F1F80065628C /* Dequable.h in Headers */,
			);
			runOnlyForDeploymentPostprocessing = 0;
		};
/* End PBXHeadersBuildPhase section */

/* Begin PBXNativeTarget section */
		5037195B1F98F1F80065628C /* Dequable */ = {
			isa = PBXNativeTarget;
			buildConfigurationList = 503719701F98F1F80065628C /* Build configuration list for PBXNativeTarget "Dequable" */;
			buildPhases = (
				503719571F98F1F80065628C /* Sources */,
				503719581F98F1F80065628C /* Frameworks */,
				503719591F98F1F80065628C /* Headers */,
				5037195A1F98F1F80065628C /* Resources */,
			);
			buildRules = (
			);
			dependencies = (
			);
			name = Dequable;
			productName = Dequable;
			productReference = 5037195C1F98F1F80065628C /* Dequable.framework */;
			productType = "com.apple.product-type.framework";
		};
		503719811F98F45B0065628C /* DequableDemo */ = {
			isa = PBXNativeTarget;
			buildConfigurationList = 5037199C1F98F45B0065628C /* Build configuration list for PBXNativeTarget "DequableDemo" */;
			buildPhases = (
				5037197E1F98F45B0065628C /* Sources */,
				5037197F1F98F45B0065628C /* Frameworks */,
				503719801F98F45B0065628C /* Resources */,
				503719A61F98F4A40065628C /* Embed Frameworks */,
			);
			buildRules = (
			);
			dependencies = (
				503719A51F98F4A40065628C /* PBXTargetDependency */,
			);
			name = DequableDemo;
			productName = DequableDemo;
			productReference = 503719821F98F45B0065628C /* DequableDemo.app */;
			productType = "com.apple.product-type.application";
		};
		503719941F98F45B0065628C /* DequableDemoUITests */ = {
			isa = PBXNativeTarget;
			buildConfigurationList = 5037199F1F98F45B0065628C /* Build configuration list for PBXNativeTarget "DequableDemoUITests" */;
			buildPhases = (
				503719911F98F45B0065628C /* Sources */,
				503719921F98F45B0065628C /* Frameworks */,
				503719931F98F45B0065628C /* Resources */,
			);
			buildRules = (
			);
			dependencies = (
				503719971F98F45B0065628C /* PBXTargetDependency */,
			);
			name = DequableDemoUITests;
			productName = DequableDemoUITests;
			productReference = 503719951F98F45B0065628C /* DequableDemoUITests.xctest */;
			productType = "com.apple.product-type.bundle.ui-testing";
		};
/* End PBXNativeTarget section */

/* Begin PBXProject section */
		503719531F98F1F80065628C /* Project object */ = {
			isa = PBXProject;
			attributes = {
				LastSwiftUpdateCheck = 0900;
				LastUpgradeCheck = 0900;
				ORGANIZATIONNAME = "Robert Nash";
				TargetAttributes = {
					5037195B1F98F1F80065628C = {
						CreatedOnToolsVersion = 9.0;
						LastSwiftMigration = 0900;
						ProvisioningStyle = Automatic;
					};
					503719811F98F45B0065628C = {
						CreatedOnToolsVersion = 9.0;
						ProvisioningStyle = Automatic;
					};
					503719941F98F45B0065628C = {
						CreatedOnToolsVersion = 9.0;
						ProvisioningStyle = Automatic;
						TestTargetID = 503719811F98F45B0065628C;
					};
				};
			};
			buildConfigurationList = 503719561F98F1F80065628C /* Build configuration list for PBXProject "Dequable" */;
			compatibilityVersion = "Xcode 8.0";
			developmentRegion = en;
			hasScannedForEncodings = 0;
			knownRegions = (
				en,
				Base,
			);
			mainGroup = 503719521F98F1F80065628C;
			productRefGroup = 5037195D1F98F1F80065628C /* Products */;
			projectDirPath = "";
			projectRoot = "";
			targets = (
				5037195B1F98F1F80065628C /* Dequable */,
				503719811F98F45B0065628C /* DequableDemo */,
				503719941F98F45B0065628C /* DequableDemoUITests */,
			);
		};
/* End PBXProject section */

/* Begin PBXResourcesBuildPhase section */
		5037195A1F98F1F80065628C /* Resources */ = {
			isa = PBXResourcesBuildPhase;
			buildActionMask = 2147483647;
			files = (
			);
			runOnlyForDeploymentPostprocessing = 0;
		};
		503719801F98F45B0065628C /* Resources */ = {
			isa = PBXResourcesBuildPhase;
			buildActionMask = 2147483647;
			files = (
				5037198F1F98F45B0065628C /* LaunchScreen.storyboard in Resources */,
				5037198C1F98F45B0065628C /* Assets.xcassets in Resources */,
				503719AA1F98FB050065628C /* DetailTableViewCell.xib in Resources */,
				5037198A1F98F45B0065628C /* Main.storyboard in Resources */,
			);
			runOnlyForDeploymentPostprocessing = 0;
		};
		503719931F98F45B0065628C /* Resources */ = {
			isa = PBXResourcesBuildPhase;
			buildActionMask = 2147483647;
			files = (
			);
			runOnlyForDeploymentPostprocessing = 0;
		};
/* End PBXResourcesBuildPhase section */

/* Begin PBXSourcesBuildPhase section */
		503719571F98F1F80065628C /* Sources */ = {
			isa = PBXSourcesBuildPhase;
			buildActionMask = 2147483647;
			files = (
				5037197B1F98F23A0065628C /* Dequeable.swift in Sources */,
				5037197C1F98F23A0065628C /* DequeableComponentIdentifiable.swift in Sources */,
				5037197A1F98F23A0065628C /* DequeableTableView.swift in Sources */,
				5037197D1F98F23A0065628C /* DequeableCollectionView.swift in Sources */,
			);
			runOnlyForDeploymentPostprocessing = 0;
		};
		5037197E1F98F45B0065628C /* Sources */ = {
			isa = PBXSourcesBuildPhase;
			buildActionMask = 2147483647;
			files = (
				503719A81F98F8B60065628C /* DetailViewController.swift in Sources */,
				503719871F98F45B0065628C /* ViewController.swift in Sources */,
				503719851F98F45B0065628C /* AppDelegate.swift in Sources */,
			);
			runOnlyForDeploymentPostprocessing = 0;
		};
		503719911F98F45B0065628C /* Sources */ = {
			isa = PBXSourcesBuildPhase;
			buildActionMask = 2147483647;
			files = (
				5037199A1F98F45B0065628C /* DequableDemoUITests.swift in Sources */,
			);
			runOnlyForDeploymentPostprocessing = 0;
		};
/* End PBXSourcesBuildPhase section */

/* Begin PBXTargetDependency section */
		503719971F98F45B0065628C /* PBXTargetDependency */ = {
			isa = PBXTargetDependency;
			target = 503719811F98F45B0065628C /* DequableDemo */;
			targetProxy = 503719961F98F45B0065628C /* PBXContainerItemProxy */;
		};
		503719A51F98F4A40065628C /* PBXTargetDependency */ = {
			isa = PBXTargetDependency;
			target = 5037195B1F98F1F80065628C /* Dequable */;
			targetProxy = 503719A41F98F4A40065628C /* PBXContainerItemProxy */;
		};
/* End PBXTargetDependency section */

/* Begin PBXVariantGroup section */
		503719881F98F45B0065628C /* Main.storyboard */ = {
			isa = PBXVariantGroup;
			children = (
				503719891F98F45B0065628C /* Base */,
			);
			name = Main.storyboard;
			sourceTree = "<group>";
		};
		5037198D1F98F45B0065628C /* LaunchScreen.storyboard */ = {
			isa = PBXVariantGroup;
			children = (
				5037198E1F98F45B0065628C /* Base */,
			);
			name = LaunchScreen.storyboard;
			sourceTree = "<group>";
		};
/* End PBXVariantGroup section */

/* Begin XCBuildConfiguration section */
		5037196E1F98F1F80065628C /* Debug */ = {
			isa = XCBuildConfiguration;
			buildSettings = {
				ALWAYS_SEARCH_USER_PATHS = NO;
				CLANG_ANALYZER_NONNULL = YES;
				CLANG_ANALYZER_NUMBER_OBJECT_CONVERSION = YES_AGGRESSIVE;
				CLANG_CXX_LANGUAGE_STANDARD = "gnu++14";
				CLANG_CXX_LIBRARY = "libc++";
				CLANG_ENABLE_MODULES = YES;
				CLANG_ENABLE_OBJC_ARC = YES;
				CLANG_WARN_BLOCK_CAPTURE_AUTORELEASING = YES;
				CLANG_WARN_BOOL_CONVERSION = YES;
				CLANG_WARN_COMMA = YES;
				CLANG_WARN_CONSTANT_CONVERSION = YES;
				CLANG_WARN_DIRECT_OBJC_ISA_USAGE = YES_ERROR;
				CLANG_WARN_DOCUMENTATION_COMMENTS = YES;
				CLANG_WARN_EMPTY_BODY = YES;
				CLANG_WARN_ENUM_CONVERSION = YES;
				CLANG_WARN_INFINITE_RECURSION = YES;
				CLANG_WARN_INT_CONVERSION = YES;
				CLANG_WARN_NON_LITERAL_NULL_CONVERSION = YES;
				CLANG_WARN_OBJC_LITERAL_CONVERSION = YES;
				CLANG_WARN_OBJC_ROOT_CLASS = YES_ERROR;
				CLANG_WARN_RANGE_LOOP_ANALYSIS = YES;
				CLANG_WARN_STRICT_PROTOTYPES = YES;
				CLANG_WARN_SUSPICIOUS_MOVE = YES;
				CLANG_WARN_UNGUARDED_AVAILABILITY = YES_AGGRESSIVE;
				CLANG_WARN_UNREACHABLE_CODE = YES;
				CLANG_WARN__DUPLICATE_METHOD_MATCH = YES;
				CODE_SIGN_IDENTITY = "iPhone Developer";
				COPY_PHASE_STRIP = NO;
				CURRENT_PROJECT_VERSION = 1;
				DEBUG_INFORMATION_FORMAT = dwarf;
				ENABLE_STRICT_OBJC_MSGSEND = YES;
				ENABLE_TESTABILITY = YES;
				GCC_C_LANGUAGE_STANDARD = gnu11;
				GCC_DYNAMIC_NO_PIC = NO;
				GCC_NO_COMMON_BLOCKS = YES;
				GCC_OPTIMIZATION_LEVEL = 0;
				GCC_PREPROCESSOR_DEFINITIONS = (
					"DEBUG=1",
					"$(inherited)",
				);
				GCC_WARN_64_TO_32_BIT_CONVERSION = YES;
				GCC_WARN_ABOUT_RETURN_TYPE = YES_ERROR;
				GCC_WARN_UNDECLARED_SELECTOR = YES;
				GCC_WARN_UNINITIALIZED_AUTOS = YES_AGGRESSIVE;
				GCC_WARN_UNUSED_FUNCTION = YES;
				GCC_WARN_UNUSED_VARIABLE = YES;
				IPHONEOS_DEPLOYMENT_TARGET = 11.0;
				MTL_ENABLE_DEBUG_INFO = YES;
				ONLY_ACTIVE_ARCH = YES;
				SDKROOT = iphoneos;
				SWIFT_ACTIVE_COMPILATION_CONDITIONS = DEBUG;
				SWIFT_OPTIMIZATION_LEVEL = "-Onone";
				VERSIONING_SYSTEM = "apple-generic";
				VERSION_INFO_PREFIX = "";
			};
			name = Debug;
		};
		5037196F1F98F1F80065628C /* Release */ = {
			isa = XCBuildConfiguration;
			buildSettings = {
				ALWAYS_SEARCH_USER_PATHS = NO;
				CLANG_ANALYZER_NONNULL = YES;
				CLANG_ANALYZER_NUMBER_OBJECT_CONVERSION = YES_AGGRESSIVE;
				CLANG_CXX_LANGUAGE_STANDARD = "gnu++14";
				CLANG_CXX_LIBRARY = "libc++";
				CLANG_ENABLE_MODULES = YES;
				CLANG_ENABLE_OBJC_ARC = YES;
				CLANG_WARN_BLOCK_CAPTURE_AUTORELEASING = YES;
				CLANG_WARN_BOOL_CONVERSION = YES;
				CLANG_WARN_COMMA = YES;
				CLANG_WARN_CONSTANT_CONVERSION = YES;
				CLANG_WARN_DIRECT_OBJC_ISA_USAGE = YES_ERROR;
				CLANG_WARN_DOCUMENTATION_COMMENTS = YES;
				CLANG_WARN_EMPTY_BODY = YES;
				CLANG_WARN_ENUM_CONVERSION = YES;
				CLANG_WARN_INFINITE_RECURSION = YES;
				CLANG_WARN_INT_CONVERSION = YES;
				CLANG_WARN_NON_LITERAL_NULL_CONVERSION = YES;
				CLANG_WARN_OBJC_LITERAL_CONVERSION = YES;
				CLANG_WARN_OBJC_ROOT_CLASS = YES_ERROR;
				CLANG_WARN_RANGE_LOOP_ANALYSIS = YES;
				CLANG_WARN_STRICT_PROTOTYPES = YES;
				CLANG_WARN_SUSPICIOUS_MOVE = YES;
				CLANG_WARN_UNGUARDED_AVAILABILITY = YES_AGGRESSIVE;
				CLANG_WARN_UNREACHABLE_CODE = YES;
				CLANG_WARN__DUPLICATE_METHOD_MATCH = YES;
				CODE_SIGN_IDENTITY = "iPhone Developer";
				COPY_PHASE_STRIP = NO;
				CURRENT_PROJECT_VERSION = 1;
				DEBUG_INFORMATION_FORMAT = "dwarf-with-dsym";
				ENABLE_NS_ASSERTIONS = NO;
				ENABLE_STRICT_OBJC_MSGSEND = YES;
				GCC_C_LANGUAGE_STANDARD = gnu11;
				GCC_NO_COMMON_BLOCKS = YES;
				GCC_WARN_64_TO_32_BIT_CONVERSION = YES;
				GCC_WARN_ABOUT_RETURN_TYPE = YES_ERROR;
				GCC_WARN_UNDECLARED_SELECTOR = YES;
				GCC_WARN_UNINITIALIZED_AUTOS = YES_AGGRESSIVE;
				GCC_WARN_UNUSED_FUNCTION = YES;
				GCC_WARN_UNUSED_VARIABLE = YES;
				IPHONEOS_DEPLOYMENT_TARGET = 11.0;
				MTL_ENABLE_DEBUG_INFO = NO;
				SDKROOT = iphoneos;
				SWIFT_OPTIMIZATION_LEVEL = "-Owholemodule";
				VALIDATE_PRODUCT = YES;
				VERSIONING_SYSTEM = "apple-generic";
				VERSION_INFO_PREFIX = "";
			};
			name = Release;
		};
		503719711F98F1F80065628C /* Debug */ = {
			isa = XCBuildConfiguration;
			buildSettings = {
				CLANG_ENABLE_MODULES = YES;
				CODE_SIGN_IDENTITY = "";
				CODE_SIGN_STYLE = Automatic;
				DEFINES_MODULE = YES;
				DYLIB_COMPATIBILITY_VERSION = 1;
				DYLIB_CURRENT_VERSION = 1;
				DYLIB_INSTALL_NAME_BASE = "@rpath";
				INFOPLIST_FILE = Dequable/Info.plist;
				INSTALL_PATH = "$(LOCAL_LIBRARY_DIR)/Frameworks";
				IPHONEOS_DEPLOYMENT_TARGET = 10.0;
				LD_RUNPATH_SEARCH_PATHS = "$(inherited) @executable_path/Frameworks @loader_path/Frameworks";
				PRODUCT_BUNDLE_IDENTIFIER = com.robertnash.Dequable;
				PRODUCT_NAME = "$(TARGET_NAME:c99extidentifier)";
				SKIP_INSTALL = YES;
				SWIFT_OPTIMIZATION_LEVEL = "-Onone";
				SWIFT_VERSION = 4.0;
				TARGETED_DEVICE_FAMILY = "1,2";
			};
			name = Debug;
		};
		503719721F98F1F80065628C /* Release */ = {
			isa = XCBuildConfiguration;
			buildSettings = {
				CLANG_ENABLE_MODULES = YES;
				CODE_SIGN_IDENTITY = "";
				CODE_SIGN_STYLE = Automatic;
				DEFINES_MODULE = YES;
				DYLIB_COMPATIBILITY_VERSION = 1;
				DYLIB_CURRENT_VERSION = 1;
				DYLIB_INSTALL_NAME_BASE = "@rpath";
				INFOPLIST_FILE = Dequable/Info.plist;
				INSTALL_PATH = "$(LOCAL_LIBRARY_DIR)/Frameworks";
				IPHONEOS_DEPLOYMENT_TARGET = 10.0;
				LD_RUNPATH_SEARCH_PATHS = "$(inherited) @executable_path/Frameworks @loader_path/Frameworks";
				PRODUCT_BUNDLE_IDENTIFIER = com.robertnash.Dequable;
				PRODUCT_NAME = "$(TARGET_NAME:c99extidentifier)";
				SKIP_INSTALL = YES;
				SWIFT_VERSION = 4.0;
				TARGETED_DEVICE_FAMILY = "1,2";
			};
			name = Release;
		};
		5037199D1F98F45B0065628C /* Debug */ = {
			isa = XCBuildConfiguration;
			buildSettings = {
				ALWAYS_EMBED_SWIFT_STANDARD_LIBRARIES = YES;
				ASSETCATALOG_COMPILER_APPICON_NAME = AppIcon;
				CODE_SIGN_STYLE = Automatic;
				INFOPLIST_FILE = DequableDemo/Info.plist;
				LD_RUNPATH_SEARCH_PATHS = "$(inherited) @executable_path/Frameworks";
				PRODUCT_BUNDLE_IDENTIFIER = com.robertnash.DequableDemo;
				PRODUCT_NAME = "$(TARGET_NAME)";
				SWIFT_VERSION = 4.0;
				TARGETED_DEVICE_FAMILY = "1,2";
			};
			name = Debug;
		};
		5037199E1F98F45B0065628C /* Release */ = {
			isa = XCBuildConfiguration;
			buildSettings = {
				ALWAYS_EMBED_SWIFT_STANDARD_LIBRARIES = YES;
				ASSETCATALOG_COMPILER_APPICON_NAME = AppIcon;
				CODE_SIGN_STYLE = Automatic;
				INFOPLIST_FILE = DequableDemo/Info.plist;
				LD_RUNPATH_SEARCH_PATHS = "$(inherited) @executable_path/Frameworks";
				PRODUCT_BUNDLE_IDENTIFIER = com.robertnash.DequableDemo;
				PRODUCT_NAME = "$(TARGET_NAME)";
				SWIFT_VERSION = 4.0;
				TARGETED_DEVICE_FAMILY = "1,2";
			};
			name = Release;
		};
		503719A01F98F45B0065628C /* Debug */ = {
			isa = XCBuildConfiguration;
			buildSettings = {
				ALWAYS_EMBED_SWIFT_STANDARD_LIBRARIES = YES;
				CODE_SIGN_STYLE = Automatic;
				INFOPLIST_FILE = DequableDemoUITests/Info.plist;
				LD_RUNPATH_SEARCH_PATHS = "$(inherited) @executable_path/Frameworks @loader_path/Frameworks";
				PRODUCT_BUNDLE_IDENTIFIER = com.robertnash.DequableDemoUITests;
				PRODUCT_NAME = "$(TARGET_NAME)";
				SWIFT_VERSION = 4.0;
				TARGETED_DEVICE_FAMILY = "1,2";
				TEST_TARGET_NAME = DequableDemo;
			};
			name = Debug;
		};
		503719A11F98F45B0065628C /* Release */ = {
			isa = XCBuildConfiguration;
			buildSettings = {
				ALWAYS_EMBED_SWIFT_STANDARD_LIBRARIES = YES;
				CODE_SIGN_STYLE = Automatic;
				INFOPLIST_FILE = DequableDemoUITests/Info.plist;
				LD_RUNPATH_SEARCH_PATHS = "$(inherited) @executable_path/Frameworks @loader_path/Frameworks";
				PRODUCT_BUNDLE_IDENTIFIER = com.robertnash.DequableDemoUITests;
				PRODUCT_NAME = "$(TARGET_NAME)";
				SWIFT_VERSION = 4.0;
				TARGETED_DEVICE_FAMILY = "1,2";
				TEST_TARGET_NAME = DequableDemo;
			};
			name = Release;
		};
/* End XCBuildConfiguration section */

/* Begin XCConfigurationList section */
		503719561F98F1F80065628C /* Build configuration list for PBXProject "Dequable" */ = {
			isa = XCConfigurationList;
			buildConfigurations = (
				5037196E1F98F1F80065628C /* Debug */,
				5037196F1F98F1F80065628C /* Release */,
			);
			defaultConfigurationIsVisible = 0;
			defaultConfigurationName = Release;
		};
		503719701F98F1F80065628C /* Build configuration list for PBXNativeTarget "Dequable" */ = {
			isa = XCConfigurationList;
			buildConfigurations = (
				503719711F98F1F80065628C /* Debug */,
				503719721F98F1F80065628C /* Release */,
			);
			defaultConfigurationIsVisible = 0;
			defaultConfigurationName = Release;
		};
		5037199C1F98F45B0065628C /* Build configuration list for PBXNativeTarget "DequableDemo" */ = {
			isa = XCConfigurationList;
			buildConfigurations = (
				5037199D1F98F45B0065628C /* Debug */,
				5037199E1F98F45B0065628C /* Release */,
			);
			defaultConfigurationIsVisible = 0;
			defaultConfigurationName = Release;
		};
		5037199F1F98F45B0065628C /* Build configuration list for PBXNativeTarget "DequableDemoUITests" */ = {
			isa = XCConfigurationList;
			buildConfigurations = (
				503719A01F98F45B0065628C /* Debug */,
				503719A11F98F45B0065628C /* Release */,
			);
			defaultConfigurationIsVisible = 0;
			defaultConfigurationName = Release;
		};
/* End XCConfigurationList section */
	};
	rootObject = 503719531F98F1F80065628C /* Project object */;
}
